
Microsoft Visual Studio Solution File, Format Version 11.00
# Visual Studio 2010
Project("{FAE04EC0-301F-11D3-BF4B-00C04F79EFBC}") = "U9.VOB.Cus.HBHDaYunsy.PlugInBE", "U9.VOB.Cus.HBHDaYunsy.PlugInBE.csproj", "{A1121BAD-E0ED-4B7A-968E-A2DC4FA4F24D}"
EndProject
Global
	GlobalSection(SolutionConfigurationPlatforms) = preSolution
		Debug|Any CPU = Debug|Any CPU
		Release|Any CPU = Release|Any CPU
	EndGlobalSection
	GlobalSection(ProjectConfigurationPlatforms) = postSolution
		{A1121BAD-E0ED-4B7A-968E-A2DC4FA4F24D}.Debug|Any CPU.ActiveCfg = Debug|Any CPU
		{A1121BAD-E0ED-4B7A-968E-A2DC4FA4F24D}.Debug|Any CPU.Build.0 = Debug|Any CPU
		{A1121BAD-E0ED-4B7A-968E-A2DC4FA4F24D}.Release|Any CPU.ActiveCfg = Release|Any CPU
		{A1121BAD-E0ED-4B7A-968E-A2DC4FA4F24D}.Release|Any CPU.Build.0 = Release|Any CPU
	EndGlobalSection
	GlobalSection(SolutionProperties) = preSolution
		HideSolutionNode = FALSE
	EndGlobalSection
EndGlobal
