
Microsoft Visual Studio Solution File, Format Version 11.00
# Visual Studio 2010
Project("{FAE04EC0-301F-11D3-BF4B-00C04F79EFBC}") = "U9.VOB.Cus.HBHDaYunsy.UIPlugIn", "U9.VOB.Cus.HBHDaYunsy.UIPlugIn.csproj", "{2D199AC6-A55C-4B08-836A-C9580F1C9906}"
EndProject
Global
	GlobalSection(SolutionConfigurationPlatforms) = preSolution
		Debug|Any CPU = Debug|Any CPU
		Release|Any CPU = Release|Any CPU
	EndGlobalSection
	GlobalSection(ProjectConfigurationPlatforms) = postSolution
		{2D199AC6-A55C-4B08-836A-C9580F1C9906}.Debug|Any CPU.ActiveCfg = Debug|Any CPU
		{2D199AC6-A55C-4B08-836A-C9580F1C9906}.Debug|Any CPU.Build.0 = Debug|Any CPU
		{2D199AC6-A55C-4B08-836A-C9580F1C9906}.Release|Any CPU.ActiveCfg = Release|Any CPU
		{2D199AC6-A55C-4B08-836A-C9580F1C9906}.Release|Any CPU.Build.0 = Release|Any CPU
	EndGlobalSection
	GlobalSection(SolutionProperties) = preSolution
		HideSolutionNode = FALSE
	EndGlobalSection
EndGlobal
